
Microsoft Visual Studio Solution File, Format Version 12.00
# Visual Studio Version 16
Project("{2150E333-8FDC-42A3-9474-1A3956D46DE8}") = "CMakePredefinedTargets", "CMakePredefinedTargets", "{202C5ED9-8091-3283-B3D5-C14E9EECFD30}"
EndProject
Project("{2150E333-8FDC-42A3-9474-1A3956D46DE8}") = "app", "app", "{7C854D6D-C3D9-3472-93F7-4C4D4D395B38}"
EndProject
Project("{2150E333-8FDC-42A3-9474-1A3956D46DE8}") = "lib", "lib", "{B33E9FB7-F284-3ABA-B1F9-2A262053567A}"
EndProject
Project("{8BC9CEB8-8B4A-11D0-8D11-00A0C91BC942}") = "ALL_BUILD", "ALL_BUILD.vcxproj", "{789A5B8D-225A-3818-9A59-E63C1C61C0AC}"
	ProjectSection(ProjectDependencies) = postProject
		{DDB9E44D-19E8-326F-B0DC-83DCFC300262} = {DDB9E44D-19E8-326F-B0DC-83DCFC300262}
		{40E1C82A-736C-3E52-9BE0-4715E8783841} = {40E1C82A-736C-3E52-9BE0-4715E8783841}
		{FBB425E1-8B47-3071-9BE2-B786FBAC132B} = {FBB425E1-8B47-3071-9BE2-B786FBAC132B}
		{0F77A776-BECB-325D-A5E1-5A5F00992C0D} = {0F77A776-BECB-325D-A5E1-5A5F00992C0D}
		{15457D1D-432B-3E13-8CDB-E83724B35FB2} = {15457D1D-432B-3E13-8CDB-E83724B35FB2}
		{0F94B46D-93AC-3030-A8DF-6846C728D694} = {0F94B46D-93AC-3030-A8DF-6846C728D694}
		{2B6135F0-8861-3758-970C-29F70673EFF3} = {2B6135F0-8861-3758-970C-29F70673EFF3}
		{F64F5C3D-1858-31C8-B3E8-79F538AFBA5B} = {F64F5C3D-1858-31C8-B3E8-79F538AFBA5B}
		{DCC041D7-C6AB-3A49-BDDC-637DDA7ECACD} = {DCC041D7-C6AB-3A49-BDDC-637DDA7ECACD}
		{DF02CBAB-8C4B-34E1-8605-BC7B41B753E0} = {DF02CBAB-8C4B-34E1-8605-BC7B41B753E0}
		{730F02F1-3DF0-3FA2-A5A9-DB5A7A30DA40} = {730F02F1-3DF0-3FA2-A5A9-DB5A7A30DA40}
		{D0347D6A-1211-39D2-9AF9-B2B52535AEEA} = {D0347D6A-1211-39D2-9AF9-B2B52535AEEA}
		{32B80AE3-9D5D-36C9-A530-9F8AC6B2C351} = {32B80AE3-9D5D-36C9-A530-9F8AC6B2C351}
		{A1EA825A-EC90-3E06-8351-8E2625E1E002} = {A1EA825A-EC90-3E06-8351-8E2625E1E002}
	EndProjectSection
EndProject
Project("{8BC9CEB8-8B4A-11D0-8D11-00A0C91BC942}") = "MCTSExtractor", "source\App\TAppMCTSExtractor\MCTSExtractor.vcxproj", "{DDB9E44D-19E8-326F-B0DC-83DCFC300262}"
	ProjectSection(ProjectDependencies) = postProject
		{0F94B46D-93AC-3030-A8DF-6846C728D694} = {0F94B46D-93AC-3030-A8DF-6846C728D694}
		{F64F5C3D-1858-31C8-B3E8-79F538AFBA5B} = {F64F5C3D-1858-31C8-B3E8-79F538AFBA5B}
		{DF02CBAB-8C4B-34E1-8605-BC7B41B753E0} = {DF02CBAB-8C4B-34E1-8605-BC7B41B753E0}
		{D0347D6A-1211-39D2-9AF9-B2B52535AEEA} = {D0347D6A-1211-39D2-9AF9-B2B52535AEEA}
		{32B80AE3-9D5D-36C9-A530-9F8AC6B2C351} = {32B80AE3-9D5D-36C9-A530-9F8AC6B2C351}
	EndProjectSection
EndProject
Project("{8BC9CEB8-8B4A-11D0-8D11-00A0C91BC942}") = "SEIRemovalApp", "source\App\SEIRemovalApp\SEIRemovalApp.vcxproj", "{40E1C82A-736C-3E52-9BE0-4715E8783841}"
	ProjectSection(ProjectDependencies) = postProject
		{0F94B46D-93AC-3030-A8DF-6846C728D694} = {0F94B46D-93AC-3030-A8DF-6846C728D694}
		{F64F5C3D-1858-31C8-B3E8-79F538AFBA5B} = {F64F5C3D-1858-31C8-B3E8-79F538AFBA5B}
		{D0347D6A-1211-39D2-9AF9-B2B52535AEEA} = {D0347D6A-1211-39D2-9AF9-B2B52535AEEA}
		{32B80AE3-9D5D-36C9-A530-9F8AC6B2C351} = {32B80AE3-9D5D-36C9-A530-9F8AC6B2C351}
	EndProjectSection
EndProject
Project("{8BC9CEB8-8B4A-11D0-8D11-00A0C91BC942}") = "TAppDecoder", "source\App\TAppDecoder\TAppDecoder.vcxproj", "{FBB425E1-8B47-3071-9BE2-B786FBAC132B}"
	ProjectSection(ProjectDependencies) = postProject
		{0F94B46D-93AC-3030-A8DF-6846C728D694} = {0F94B46D-93AC-3030-A8DF-6846C728D694}
		{F64F5C3D-1858-31C8-B3E8-79F538AFBA5B} = {F64F5C3D-1858-31C8-B3E8-79F538AFBA5B}
		{D0347D6A-1211-39D2-9AF9-B2B52535AEEA} = {D0347D6A-1211-39D2-9AF9-B2B52535AEEA}
		{32B80AE3-9D5D-36C9-A530-9F8AC6B2C351} = {32B80AE3-9D5D-36C9-A530-9F8AC6B2C351}
	EndProjectSection
EndProject
Project("{8BC9CEB8-8B4A-11D0-8D11-00A0C91BC942}") = "TAppDecoderAnalyser", "source\App\TAppDecoderAnalyser\TAppDecoderAnalyser.vcxproj", "{0F77A776-BECB-325D-A5E1-5A5F00992C0D}"
	ProjectSection(ProjectDependencies) = postProject
		{2B6135F0-8861-3758-970C-29F70673EFF3} = {2B6135F0-8861-3758-970C-29F70673EFF3}
		{DCC041D7-C6AB-3A49-BDDC-637DDA7ECACD} = {DCC041D7-C6AB-3A49-BDDC-637DDA7ECACD}
		{D0347D6A-1211-39D2-9AF9-B2B52535AEEA} = {D0347D6A-1211-39D2-9AF9-B2B52535AEEA}
		{32B80AE3-9D5D-36C9-A530-9F8AC6B2C351} = {32B80AE3-9D5D-36C9-A530-9F8AC6B2C351}
	EndProjectSection
EndProject
Project("{8BC9CEB8-8B4A-11D0-8D11-00A0C91BC942}") = "TAppEncoder", "source\App\TAppEncoder\TAppEncoder.vcxproj", "{15457D1D-432B-3E13-8CDB-E83724B35FB2}"
	ProjectSection(ProjectDependencies) = postProject
		{0F94B46D-93AC-3030-A8DF-6846C728D694} = {0F94B46D-93AC-3030-A8DF-6846C728D694}
		{F64F5C3D-1858-31C8-B3E8-79F538AFBA5B} = {F64F5C3D-1858-31C8-B3E8-79F538AFBA5B}
		{DF02CBAB-8C4B-34E1-8605-BC7B41B753E0} = {DF02CBAB-8C4B-34E1-8605-BC7B41B753E0}
		{730F02F1-3DF0-3FA2-A5A9-DB5A7A30DA40} = {730F02F1-3DF0-3FA2-A5A9-DB5A7A30DA40}
		{D0347D6A-1211-39D2-9AF9-B2B52535AEEA} = {D0347D6A-1211-39D2-9AF9-B2B52535AEEA}
		{32B80AE3-9D5D-36C9-A530-9F8AC6B2C351} = {32B80AE3-9D5D-36C9-A530-9F8AC6B2C351}
	EndProjectSection
EndProject
Project("{8BC9CEB8-8B4A-11D0-8D11-00A0C91BC942}") = "TLibCommon", "source\Lib\TLibCommon\TLibCommon.vcxproj", "{0F94B46D-93AC-3030-A8DF-6846C728D694}"
	ProjectSection(ProjectDependencies) = postProject
		{32B80AE3-9D5D-36C9-A530-9F8AC6B2C351} = {32B80AE3-9D5D-36C9-A530-9F8AC6B2C351}
	EndProjectSection
EndProject
Project("{8BC9CEB8-8B4A-11D0-8D11-00A0C91BC942}") = "TLibCommonAnalyser", "source\Lib\TLibCommonAnalyser\TLibCommonAnalyser.vcxproj", "{2B6135F0-8861-3758-970C-29F70673EFF3}"
	ProjectSection(ProjectDependencies) = postProject
		{32B80AE3-9D5D-36C9-A530-9F8AC6B2C351} = {32B80AE3-9D5D-36C9-A530-9F8AC6B2C351}
	EndProjectSection
EndProject
Project("{8BC9CEB8-8B4A-11D0-8D11-00A0C91BC942}") = "TLibDecoder", "source\Lib\TLibDecoder\TLibDecoder.vcxproj", "{F64F5C3D-1858-31C8-B3E8-79F538AFBA5B}"
	ProjectSection(ProjectDependencies) = postProject
		{0F94B46D-93AC-3030-A8DF-6846C728D694} = {0F94B46D-93AC-3030-A8DF-6846C728D694}
		{32B80AE3-9D5D-36C9-A530-9F8AC6B2C351} = {32B80AE3-9D5D-36C9-A530-9F8AC6B2C351}
	EndProjectSection
EndProject
Project("{8BC9CEB8-8B4A-11D0-8D11-00A0C91BC942}") = "TLibDecoderAnalyser", "source\Lib\TLibDecoderAnalyser\TLibDecoderAnalyser.vcxproj", "{DCC041D7-C6AB-3A49-BDDC-637DDA7ECACD}"
	ProjectSection(ProjectDependencies) = postProject
		{2B6135F0-8861-3758-970C-29F70673EFF3} = {2B6135F0-8861-3758-970C-29F70673EFF3}
		{32B80AE3-9D5D-36C9-A530-9F8AC6B2C351} = {32B80AE3-9D5D-36C9-A530-9F8AC6B2C351}
	EndProjectSection
EndProject
Project("{8BC9CEB8-8B4A-11D0-8D11-00A0C91BC942}") = "TLibEncoder", "source\Lib\TLibEncoder\TLibEncoder.vcxproj", "{DF02CBAB-8C4B-34E1-8605-BC7B41B753E0}"
	ProjectSection(ProjectDependencies) = postProject
		{9C7582AF-CC74-3497-8116-6B6E2E8CAEC2} = {9C7582AF-CC74-3497-8116-6B6E2E8CAEC2}
	EndProjectSection
EndProject
Project("{8BC9CEB8-8B4A-11D0-8D11-00A0C91BC942}") = "TLibSysuAnalyzer", "source\Lib\TLibSysuAnalyzer\TLibSysuAnalyzer.vcxproj", "{9C7582AF-CC74-3497-8116-6B6E2E8CAEC2}"
	ProjectSection(ProjectDependencies) = postProject
		{0F94B46D-93AC-3030-A8DF-6846C728D694} = {0F94B46D-93AC-3030-A8DF-6846C728D694}
		{32B80AE3-9D5D-36C9-A530-9F8AC6B2C351} = {32B80AE3-9D5D-36C9-A530-9F8AC6B2C351}
	EndProjectSection
EndProject
Project("{8BC9CEB8-8B4A-11D0-8D11-00A0C91BC942}") = "TMDCCommon", "source\Lib\TMDCCommon\TMDCCommon.vcxproj", "{730F02F1-3DF0-3FA2-A5A9-DB5A7A30DA40}"
	ProjectSection(ProjectDependencies) = postProject
		{0F94B46D-93AC-3030-A8DF-6846C728D694} = {0F94B46D-93AC-3030-A8DF-6846C728D694}
		{DF02CBAB-8C4B-34E1-8605-BC7B41B753E0} = {DF02CBAB-8C4B-34E1-8605-BC7B41B753E0}
		{32B80AE3-9D5D-36C9-A530-9F8AC6B2C351} = {32B80AE3-9D5D-36C9-A530-9F8AC6B2C351}
	EndProjectSection
EndProject
Project("{8BC9CEB8-8B4A-11D0-8D11-00A0C91BC942}") = "Utilities", "source\Lib\Utilities\Utilities.vcxproj", "{D0347D6A-1211-39D2-9AF9-B2B52535AEEA}"
	ProjectSection(ProjectDependencies) = postProject
		{32B80AE3-9D5D-36C9-A530-9F8AC6B2C351} = {32B80AE3-9D5D-36C9-A530-9F8AC6B2C351}
	EndProjectSection
EndProject
Project("{8BC9CEB8-8B4A-11D0-8D11-00A0C91BC942}") = "ZERO_CHECK", "ZERO_CHECK.vcxproj", "{32B80AE3-9D5D-36C9-A530-9F8AC6B2C351}"
	ProjectSection(ProjectDependencies) = postProject
	EndProjectSection
EndProject
Project("{8BC9CEB8-8B4A-11D0-8D11-00A0C91BC942}") = "parcat", "source\App\Parcat\parcat.vcxproj", "{A1EA825A-EC90-3E06-8351-8E2625E1E002}"
	ProjectSection(ProjectDependencies) = postProject
		{32B80AE3-9D5D-36C9-A530-9F8AC6B2C351} = {32B80AE3-9D5D-36C9-A530-9F8AC6B2C351}
	EndProjectSection
EndProject
Global
	GlobalSection(SolutionConfigurationPlatforms) = preSolution
		Debug|x64 = Debug|x64
		Release|x64 = Release|x64
		MinSizeRel|x64 = MinSizeRel|x64
		RelWithDebInfo|x64 = RelWithDebInfo|x64
	EndGlobalSection
	GlobalSection(ProjectConfigurationPlatforms) = postSolution
		{789A5B8D-225A-3818-9A59-E63C1C61C0AC}.Debug|x64.ActiveCfg = Debug|x64
		{789A5B8D-225A-3818-9A59-E63C1C61C0AC}.Release|x64.ActiveCfg = Release|x64
		{789A5B8D-225A-3818-9A59-E63C1C61C0AC}.MinSizeRel|x64.ActiveCfg = MinSizeRel|x64
		{789A5B8D-225A-3818-9A59-E63C1C61C0AC}.RelWithDebInfo|x64.ActiveCfg = RelWithDebInfo|x64
		{DDB9E44D-19E8-326F-B0DC-83DCFC300262}.Debug|x64.ActiveCfg = Debug|x64
		{DDB9E44D-19E8-326F-B0DC-83DCFC300262}.Debug|x64.Build.0 = Debug|x64
		{DDB9E44D-19E8-326F-B0DC-83DCFC300262}.Release|x64.ActiveCfg = Release|x64
		{DDB9E44D-19E8-326F-B0DC-83DCFC300262}.Release|x64.Build.0 = Release|x64
		{DDB9E44D-19E8-326F-B0DC-83DCFC300262}.MinSizeRel|x64.ActiveCfg = MinSizeRel|x64
		{DDB9E44D-19E8-326F-B0DC-83DCFC300262}.MinSizeRel|x64.Build.0 = MinSizeRel|x64
		{DDB9E44D-19E8-326F-B0DC-83DCFC300262}.RelWithDebInfo|x64.ActiveCfg = RelWithDebInfo|x64
		{DDB9E44D-19E8-326F-B0DC-83DCFC300262}.RelWithDebInfo|x64.Build.0 = RelWithDebInfo|x64
		{40E1C82A-736C-3E52-9BE0-4715E8783841}.Debug|x64.ActiveCfg = Debug|x64
		{40E1C82A-736C-3E52-9BE0-4715E8783841}.Debug|x64.Build.0 = Debug|x64
		{40E1C82A-736C-3E52-9BE0-4715E8783841}.Release|x64.ActiveCfg = Release|x64
		{40E1C82A-736C-3E52-9BE0-4715E8783841}.Release|x64.Build.0 = Release|x64
		{40E1C82A-736C-3E52-9BE0-4715E8783841}.MinSizeRel|x64.ActiveCfg = MinSizeRel|x64
		{40E1C82A-736C-3E52-9BE0-4715E8783841}.MinSizeRel|x64.Build.0 = MinSizeRel|x64
		{40E1C82A-736C-3E52-9BE0-4715E8783841}.RelWithDebInfo|x64.ActiveCfg = RelWithDebInfo|x64
		{40E1C82A-736C-3E52-9BE0-4715E8783841}.RelWithDebInfo|x64.Build.0 = RelWithDebInfo|x64
		{FBB425E1-8B47-3071-9BE2-B786FBAC132B}.Debug|x64.ActiveCfg = Debug|x64
		{FBB425E1-8B47-3071-9BE2-B786FBAC132B}.Debug|x64.Build.0 = Debug|x64
		{FBB425E1-8B47-3071-9BE2-B786FBAC132B}.Release|x64.ActiveCfg = Release|x64
		{FBB425E1-8B47-3071-9BE2-B786FBAC132B}.Release|x64.Build.0 = Release|x64
		{FBB425E1-8B47-3071-9BE2-B786FBAC132B}.MinSizeRel|x64.ActiveCfg = MinSizeRel|x64
		{FBB425E1-8B47-3071-9BE2-B786FBAC132B}.MinSizeRel|x64.Build.0 = MinSizeRel|x64
		{FBB425E1-8B47-3071-9BE2-B786FBAC132B}.RelWithDebInfo|x64.ActiveCfg = RelWithDebInfo|x64
		{FBB425E1-8B47-3071-9BE2-B786FBAC132B}.RelWithDebInfo|x64.Build.0 = RelWithDebInfo|x64
		{0F77A776-BECB-325D-A5E1-5A5F00992C0D}.Debug|x64.ActiveCfg = Debug|x64
		{0F77A776-BECB-325D-A5E1-5A5F00992C0D}.Debug|x64.Build.0 = Debug|x64
		{0F77A776-BECB-325D-A5E1-5A5F00992C0D}.Release|x64.ActiveCfg = Release|x64
		{0F77A776-BECB-325D-A5E1-5A5F00992C0D}.Release|x64.Build.0 = Release|x64
		{0F77A776-BECB-325D-A5E1-5A5F00992C0D}.MinSizeRel|x64.ActiveCfg = MinSizeRel|x64
		{0F77A776-BECB-325D-A5E1-5A5F00992C0D}.MinSizeRel|x64.Build.0 = MinSizeRel|x64
		{0F77A776-BECB-325D-A5E1-5A5F00992C0D}.RelWithDebInfo|x64.ActiveCfg = RelWithDebInfo|x64
		{0F77A776-BECB-325D-A5E1-5A5F00992C0D}.RelWithDebInfo|x64.Build.0 = RelWithDebInfo|x64
		{15457D1D-432B-3E13-8CDB-E83724B35FB2}.Debug|x64.ActiveCfg = Debug|x64
		{15457D1D-432B-3E13-8CDB-E83724B35FB2}.Debug|x64.Build.0 = Debug|x64
		{15457D1D-432B-3E13-8CDB-E83724B35FB2}.Release|x64.ActiveCfg = Release|x64
		{15457D1D-432B-3E13-8CDB-E83724B35FB2}.Release|x64.Build.0 = Release|x64
		{15457D1D-432B-3E13-8CDB-E83724B35FB2}.MinSizeRel|x64.ActiveCfg = MinSizeRel|x64
		{15457D1D-432B-3E13-8CDB-E83724B35FB2}.MinSizeRel|x64.Build.0 = MinSizeRel|x64
		{15457D1D-432B-3E13-8CDB-E83724B35FB2}.RelWithDebInfo|x64.ActiveCfg = RelWithDebInfo|x64
		{15457D1D-432B-3E13-8CDB-E83724B35FB2}.RelWithDebInfo|x64.Build.0 = RelWithDebInfo|x64
		{0F94B46D-93AC-3030-A8DF-6846C728D694}.Debug|x64.ActiveCfg = Debug|x64
		{0F94B46D-93AC-3030-A8DF-6846C728D694}.Debug|x64.Build.0 = Debug|x64
		{0F94B46D-93AC-3030-A8DF-6846C728D694}.Release|x64.ActiveCfg = Release|x64
		{0F94B46D-93AC-3030-A8DF-6846C728D694}.Release|x64.Build.0 = Release|x64
		{0F94B46D-93AC-3030-A8DF-6846C728D694}.MinSizeRel|x64.ActiveCfg = MinSizeRel|x64
		{0F94B46D-93AC-3030-A8DF-6846C728D694}.MinSizeRel|x64.Build.0 = MinSizeRel|x64
		{0F94B46D-93AC-3030-A8DF-6846C728D694}.RelWithDebInfo|x64.ActiveCfg = RelWithDebInfo|x64
		{0F94B46D-93AC-3030-A8DF-6846C728D694}.RelWithDebInfo|x64.Build.0 = RelWithDebInfo|x64
		{2B6135F0-8861-3758-970C-29F70673EFF3}.Debug|x64.ActiveCfg = Debug|x64
		{2B6135F0-8861-3758-970C-29F70673EFF3}.Debug|x64.Build.0 = Debug|x64
		{2B6135F0-8861-3758-970C-29F70673EFF3}.Release|x64.ActiveCfg = Release|x64
		{2B6135F0-8861-3758-970C-29F70673EFF3}.Release|x64.Build.0 = Release|x64
		{2B6135F0-8861-3758-970C-29F70673EFF3}.MinSizeRel|x64.ActiveCfg = MinSizeRel|x64
		{2B6135F0-8861-3758-970C-29F70673EFF3}.MinSizeRel|x64.Build.0 = MinSizeRel|x64
		{2B6135F0-8861-3758-970C-29F70673EFF3}.RelWithDebInfo|x64.ActiveCfg = RelWithDebInfo|x64
		{2B6135F0-8861-3758-970C-29F70673EFF3}.RelWithDebInfo|x64.Build.0 = RelWithDebInfo|x64
		{F64F5C3D-1858-31C8-B3E8-79F538AFBA5B}.Debug|x64.ActiveCfg = Debug|x64
		{F64F5C3D-1858-31C8-B3E8-79F538AFBA5B}.Debug|x64.Build.0 = Debug|x64
		{F64F5C3D-1858-31C8-B3E8-79F538AFBA5B}.Release|x64.ActiveCfg = Release|x64
		{F64F5C3D-1858-31C8-B3E8-79F538AFBA5B}.Release|x64.Build.0 = Release|x64
		{F64F5C3D-1858-31C8-B3E8-79F538AFBA5B}.MinSizeRel|x64.ActiveCfg = MinSizeRel|x64
		{F64F5C3D-1858-31C8-B3E8-79F538AFBA5B}.MinSizeRel|x64.Build.0 = MinSizeRel|x64
		{F64F5C3D-1858-31C8-B3E8-79F538AFBA5B}.RelWithDebInfo|x64.ActiveCfg = RelWithDebInfo|x64
		{F64F5C3D-1858-31C8-B3E8-79F538AFBA5B}.RelWithDebInfo|x64.Build.0 = RelWithDebInfo|x64
		{DCC041D7-C6AB-3A49-BDDC-637DDA7ECACD}.Debug|x64.ActiveCfg = Debug|x64
		{DCC041D7-C6AB-3A49-BDDC-637DDA7ECACD}.Debug|x64.Build.0 = Debug|x64
		{DCC041D7-C6AB-3A49-BDDC-637DDA7ECACD}.Release|x64.ActiveCfg = Release|x64
		{DCC041D7-C6AB-3A49-BDDC-637DDA7ECACD}.Release|x64.Build.0 = Release|x64
		{DCC041D7-C6AB-3A49-BDDC-637DDA7ECACD}.MinSizeRel|x64.ActiveCfg = MinSizeRel|x64
		{DCC041D7-C6AB-3A49-BDDC-637DDA7ECACD}.MinSizeRel|x64.Build.0 = MinSizeRel|x64
		{DCC041D7-C6AB-3A49-BDDC-637DDA7ECACD}.RelWithDebInfo|x64.ActiveCfg = RelWithDebInfo|x64
		{DCC041D7-C6AB-3A49-BDDC-637DDA7ECACD}.RelWithDebInfo|x64.Build.0 = RelWithDebInfo|x64
		{DF02CBAB-8C4B-34E1-8605-BC7B41B753E0}.Debug|x64.ActiveCfg = Debug|x64
		{DF02CBAB-8C4B-34E1-8605-BC7B41B753E0}.Debug|x64.Build.0 = Debug|x64
		{DF02CBAB-8C4B-34E1-8605-BC7B41B753E0}.Release|x64.ActiveCfg = Release|x64
		{DF02CBAB-8C4B-34E1-8605-BC7B41B753E0}.Release|x64.Build.0 = Release|x64
		{DF02CBAB-8C4B-34E1-8605-BC7B41B753E0}.MinSizeRel|x64.ActiveCfg = MinSizeRel|x64
		{DF02CBAB-8C4B-34E1-8605-BC7B41B753E0}.MinSizeRel|x64.Build.0 = MinSizeRel|x64
		{DF02CBAB-8C4B-34E1-8605-BC7B41B753E0}.RelWithDebInfo|x64.ActiveCfg = RelWithDebInfo|x64
		{DF02CBAB-8C4B-34E1-8605-BC7B41B753E0}.RelWithDebInfo|x64.Build.0 = RelWithDebInfo|x64
		{9C7582AF-CC74-3497-8116-6B6E2E8CAEC2}.Debug|x64.ActiveCfg = Debug|x64
		{9C7582AF-CC74-3497-8116-6B6E2E8CAEC2}.Debug|x64.Build.0 = Debug|x64
		{9C7582AF-CC74-3497-8116-6B6E2E8CAEC2}.Release|x64.ActiveCfg = Release|x64
		{9C7582AF-CC74-3497-8116-6B6E2E8CAEC2}.Release|x64.Build.0 = Release|x64
		{9C7582AF-CC74-3497-8116-6B6E2E8CAEC2}.MinSizeRel|x64.ActiveCfg = MinSizeRel|x64
		{9C7582AF-CC74-3497-8116-6B6E2E8CAEC2}.MinSizeRel|x64.Build.0 = MinSizeRel|x64
		{9C7582AF-CC74-3497-8116-6B6E2E8CAEC2}.RelWithDebInfo|x64.ActiveCfg = RelWithDebInfo|x64
		{9C7582AF-CC74-3497-8116-6B6E2E8CAEC2}.RelWithDebInfo|x64.Build.0 = RelWithDebInfo|x64
		{730F02F1-3DF0-3FA2-A5A9-DB5A7A30DA40}.Debug|x64.ActiveCfg = Debug|x64
		{730F02F1-3DF0-3FA2-A5A9-DB5A7A30DA40}.Debug|x64.Build.0 = Debug|x64
		{730F02F1-3DF0-3FA2-A5A9-DB5A7A30DA40}.Release|x64.ActiveCfg = Release|x64
		{730F02F1-3DF0-3FA2-A5A9-DB5A7A30DA40}.Release|x64.Build.0 = Release|x64
		{730F02F1-3DF0-3FA2-A5A9-DB5A7A30DA40}.MinSizeRel|x64.ActiveCfg = MinSizeRel|x64
		{730F02F1-3DF0-3FA2-A5A9-DB5A7A30DA40}.MinSizeRel|x64.Build.0 = MinSizeRel|x64
		{730F02F1-3DF0-3FA2-A5A9-DB5A7A30DA40}.RelWithDebInfo|x64.ActiveCfg = RelWithDebInfo|x64
		{730F02F1-3DF0-3FA2-A5A9-DB5A7A30DA40}.RelWithDebInfo|x64.Build.0 = RelWithDebInfo|x64
		{D0347D6A-1211-39D2-9AF9-B2B52535AEEA}.Debug|x64.ActiveCfg = Debug|x64
		{D0347D6A-1211-39D2-9AF9-B2B52535AEEA}.Debug|x64.Build.0 = Debug|x64
		{D0347D6A-1211-39D2-9AF9-B2B52535AEEA}.Release|x64.ActiveCfg = Release|x64
		{D0347D6A-1211-39D2-9AF9-B2B52535AEEA}.Release|x64.Build.0 = Release|x64
		{D0347D6A-1211-39D2-9AF9-B2B52535AEEA}.MinSizeRel|x64.ActiveCfg = MinSizeRel|x64
		{D0347D6A-1211-39D2-9AF9-B2B52535AEEA}.MinSizeRel|x64.Build.0 = MinSizeRel|x64
		{D0347D6A-1211-39D2-9AF9-B2B52535AEEA}.RelWithDebInfo|x64.ActiveCfg = RelWithDebInfo|x64
		{D0347D6A-1211-39D2-9AF9-B2B52535AEEA}.RelWithDebInfo|x64.Build.0 = RelWithDebInfo|x64
		{32B80AE3-9D5D-36C9-A530-9F8AC6B2C351}.Debug|x64.ActiveCfg = Debug|x64
		{32B80AE3-9D5D-36C9-A530-9F8AC6B2C351}.Debug|x64.Build.0 = Debug|x64
		{32B80AE3-9D5D-36C9-A530-9F8AC6B2C351}.Release|x64.ActiveCfg = Release|x64
		{32B80AE3-9D5D-36C9-A530-9F8AC6B2C351}.Release|x64.Build.0 = Release|x64
		{32B80AE3-9D5D-36C9-A530-9F8AC6B2C351}.MinSizeRel|x64.ActiveCfg = MinSizeRel|x64
		{32B80AE3-9D5D-36C9-A530-9F8AC6B2C351}.MinSizeRel|x64.Build.0 = MinSizeRel|x64
		{32B80AE3-9D5D-36C9-A530-9F8AC6B2C351}.RelWithDebInfo|x64.ActiveCfg = RelWithDebInfo|x64
		{32B80AE3-9D5D-36C9-A530-9F8AC6B2C351}.RelWithDebInfo|x64.Build.0 = RelWithDebInfo|x64
		{A1EA825A-EC90-3E06-8351-8E2625E1E002}.Debug|x64.ActiveCfg = Debug|x64
		{A1EA825A-EC90-3E06-8351-8E2625E1E002}.Debug|x64.Build.0 = Debug|x64
		{A1EA825A-EC90-3E06-8351-8E2625E1E002}.Release|x64.ActiveCfg = Release|x64
		{A1EA825A-EC90-3E06-8351-8E2625E1E002}.Release|x64.Build.0 = Release|x64
		{A1EA825A-EC90-3E06-8351-8E2625E1E002}.MinSizeRel|x64.ActiveCfg = MinSizeRel|x64
		{A1EA825A-EC90-3E06-8351-8E2625E1E002}.MinSizeRel|x64.Build.0 = MinSizeRel|x64
		{A1EA825A-EC90-3E06-8351-8E2625E1E002}.RelWithDebInfo|x64.ActiveCfg = RelWithDebInfo|x64
		{A1EA825A-EC90-3E06-8351-8E2625E1E002}.RelWithDebInfo|x64.Build.0 = RelWithDebInfo|x64
	EndGlobalSection
	GlobalSection(NestedProjects) = preSolution
		{789A5B8D-225A-3818-9A59-E63C1C61C0AC} = {202C5ED9-8091-3283-B3D5-C14E9EECFD30}
		{32B80AE3-9D5D-36C9-A530-9F8AC6B2C351} = {202C5ED9-8091-3283-B3D5-C14E9EECFD30}
		{DDB9E44D-19E8-326F-B0DC-83DCFC300262} = {7C854D6D-C3D9-3472-93F7-4C4D4D395B38}
		{40E1C82A-736C-3E52-9BE0-4715E8783841} = {7C854D6D-C3D9-3472-93F7-4C4D4D395B38}
		{FBB425E1-8B47-3071-9BE2-B786FBAC132B} = {7C854D6D-C3D9-3472-93F7-4C4D4D395B38}
		{0F77A776-BECB-325D-A5E1-5A5F00992C0D} = {7C854D6D-C3D9-3472-93F7-4C4D4D395B38}
		{15457D1D-432B-3E13-8CDB-E83724B35FB2} = {7C854D6D-C3D9-3472-93F7-4C4D4D395B38}
		{A1EA825A-EC90-3E06-8351-8E2625E1E002} = {7C854D6D-C3D9-3472-93F7-4C4D4D395B38}
		{0F94B46D-93AC-3030-A8DF-6846C728D694} = {B33E9FB7-F284-3ABA-B1F9-2A262053567A}
		{2B6135F0-8861-3758-970C-29F70673EFF3} = {B33E9FB7-F284-3ABA-B1F9-2A262053567A}
		{F64F5C3D-1858-31C8-B3E8-79F538AFBA5B} = {B33E9FB7-F284-3ABA-B1F9-2A262053567A}
		{DCC041D7-C6AB-3A49-BDDC-637DDA7ECACD} = {B33E9FB7-F284-3ABA-B1F9-2A262053567A}
		{DF02CBAB-8C4B-34E1-8605-BC7B41B753E0} = {B33E9FB7-F284-3ABA-B1F9-2A262053567A}
		{9C7582AF-CC74-3497-8116-6B6E2E8CAEC2} = {B33E9FB7-F284-3ABA-B1F9-2A262053567A}
		{730F02F1-3DF0-3FA2-A5A9-DB5A7A30DA40} = {B33E9FB7-F284-3ABA-B1F9-2A262053567A}
		{D0347D6A-1211-39D2-9AF9-B2B52535AEEA} = {B33E9FB7-F284-3ABA-B1F9-2A262053567A}
	EndGlobalSection
	GlobalSection(ExtensibilityGlobals) = postSolution
		SolutionGuid = {063C8E97-DDF9-3202-ADE3-49FCB51EACC0}
	EndGlobalSection
	GlobalSection(ExtensibilityAddIns) = postSolution
	EndGlobalSection
EndGlobal
